{
  "name": "sharil-plugin",
  "version": "1.0.0",
  "lockfileVersion": 3,
  "requires": true,
  "packages": {
    "": {
      "name": "sharil-plugin",
      "version": "1.0.0",
      "license": "MIT",
      "bin": {
        "sharil": "bin/sharil.js"
      },
      "engines": {
        "node": ">=16"
      }
    }
  }
}
